
Microsoft Visual Studio Solution File, Format Version 12.00
# Visual Studio 14
VisualStudioVersion = 14.0.25420.1
MinimumVisualStudioVersion = 10.0.40219.1
Project("{FAE04EC0-301F-11D3-BF4B-00C04F79EFBC}") = "TobeLibrary", "TobeLibrary\TobeLibrary.csproj", "{27B1496F-5437-4FB1-9DDE-3C38346EECE2}"
EndProject
Project("{FAE04EC0-301F-11D3-BF4B-00C04F79EFBC}") = "TobeLibrary.Tests", "TobeLibrary.Tests\TobeLibrary.Tests.csproj", "{9F6608D1-FED3-4203-94C7-EC2CD9E74D57}"
EndProject
Project("{FAE04EC0-301F-11D3-BF4B-00C04F79EFBC}") = "TobeLibrary.Models", "LibraryEntities\TobeLibrary.Models.csproj", "{0F2F3C68-2A92-4BF2-8CEA-5044FBE33CFA}"
EndProject
Project("{FAE04EC0-301F-11D3-BF4B-00C04F79EFBC}") = "TobeLibrary.DataContext", "TobeLibraryDataAccess\TobeLibrary.DataContext.csproj", "{B203CFA8-1C70-40CB-B3CD-F67154D8DF15}"
EndProject
Project("{FAE04EC0-301F-11D3-BF4B-00C04F79EFBC}") = "TobeLibrary.BusinessLogic", "TobeLibraryBusinessLogic\TobeLibrary.BusinessLogic.csproj", "{A7AC6B2F-987E-4FC0-B8ED-F2188335F66F}"
EndProject
Project("{FAE04EC0-301F-11D3-BF4B-00C04F79EFBC}") = "TobeLibrary.BusinessLogic.Tests", "TobeLibrary.Tests.BusinessLogic\TobeLibrary.BusinessLogic.Tests.csproj", "{62C1B502-C617-45DB-9A99-3775EF86200E}"
EndProject
Project("{FAE04EC0-301F-11D3-BF4B-00C04F79EFBC}") = "TobeLibrary.WebApi", "TobeLibrary.WebApi\TobeLibrary.WebApi.csproj", "{F75250F4-73FA-4807-924B-9A262045D781}"
EndProject
Project("{FAE04EC0-301F-11D3-BF4B-00C04F79EFBC}") = "TobeLibrary.WebApi.Test", "TobeLibrary.WebApi.Test\TobeLibrary.WebApi.Test.csproj", "{936C213D-C6EF-42BB-A7E1-F9B1EC22A470}"
EndProject
Project("{FAE04EC0-301F-11D3-BF4B-00C04F79EFBC}") = "TobeGeneralBusinessLogic", "TobeGeneralBusinessLogic\TobeGeneralBusinessLogic.csproj", "{9D60AEC3-FD36-4F22-9FE7-EE9B53C4B255}"
EndProject
Global
	GlobalSection(SolutionConfigurationPlatforms) = preSolution
		Debug|Any CPU = Debug|Any CPU
		Release|Any CPU = Release|Any CPU
	EndGlobalSection
	GlobalSection(ProjectConfigurationPlatforms) = postSolution
		{27B1496F-5437-4FB1-9DDE-3C38346EECE2}.Debug|Any CPU.ActiveCfg = Debug|Any CPU
		{27B1496F-5437-4FB1-9DDE-3C38346EECE2}.Debug|Any CPU.Build.0 = Debug|Any CPU
		{27B1496F-5437-4FB1-9DDE-3C38346EECE2}.Release|Any CPU.ActiveCfg = Release|Any CPU
		{27B1496F-5437-4FB1-9DDE-3C38346EECE2}.Release|Any CPU.Build.0 = Release|Any CPU
		{9F6608D1-FED3-4203-94C7-EC2CD9E74D57}.Debug|Any CPU.ActiveCfg = Debug|Any CPU
		{9F6608D1-FED3-4203-94C7-EC2CD9E74D57}.Debug|Any CPU.Build.0 = Debug|Any CPU
		{9F6608D1-FED3-4203-94C7-EC2CD9E74D57}.Release|Any CPU.ActiveCfg = Release|Any CPU
		{9F6608D1-FED3-4203-94C7-EC2CD9E74D57}.Release|Any CPU.Build.0 = Release|Any CPU
		{0F2F3C68-2A92-4BF2-8CEA-5044FBE33CFA}.Debug|Any CPU.ActiveCfg = Debug|Any CPU
		{0F2F3C68-2A92-4BF2-8CEA-5044FBE33CFA}.Debug|Any CPU.Build.0 = Debug|Any CPU
		{0F2F3C68-2A92-4BF2-8CEA-5044FBE33CFA}.Release|Any CPU.ActiveCfg = Release|Any CPU
		{0F2F3C68-2A92-4BF2-8CEA-5044FBE33CFA}.Release|Any CPU.Build.0 = Release|Any CPU
		{B203CFA8-1C70-40CB-B3CD-F67154D8DF15}.Debug|Any CPU.ActiveCfg = Debug|Any CPU
		{B203CFA8-1C70-40CB-B3CD-F67154D8DF15}.Debug|Any CPU.Build.0 = Debug|Any CPU
		{B203CFA8-1C70-40CB-B3CD-F67154D8DF15}.Release|Any CPU.ActiveCfg = Release|Any CPU
		{B203CFA8-1C70-40CB-B3CD-F67154D8DF15}.Release|Any CPU.Build.0 = Release|Any CPU
		{A7AC6B2F-987E-4FC0-B8ED-F2188335F66F}.Debug|Any CPU.ActiveCfg = Debug|Any CPU
		{A7AC6B2F-987E-4FC0-B8ED-F2188335F66F}.Debug|Any CPU.Build.0 = Debug|Any CPU
		{A7AC6B2F-987E-4FC0-B8ED-F2188335F66F}.Release|Any CPU.ActiveCfg = Release|Any CPU
		{A7AC6B2F-987E-4FC0-B8ED-F2188335F66F}.Release|Any CPU.Build.0 = Release|Any CPU
		{62C1B502-C617-45DB-9A99-3775EF86200E}.Debug|Any CPU.ActiveCfg = Debug|Any CPU
		{62C1B502-C617-45DB-9A99-3775EF86200E}.Debug|Any CPU.Build.0 = Debug|Any CPU
		{62C1B502-C617-45DB-9A99-3775EF86200E}.Release|Any CPU.ActiveCfg = Release|Any CPU
		{62C1B502-C617-45DB-9A99-3775EF86200E}.Release|Any CPU.Build.0 = Release|Any CPU
		{F75250F4-73FA-4807-924B-9A262045D781}.Debug|Any CPU.ActiveCfg = Debug|Any CPU
		{F75250F4-73FA-4807-924B-9A262045D781}.Debug|Any CPU.Build.0 = Debug|Any CPU
		{F75250F4-73FA-4807-924B-9A262045D781}.Release|Any CPU.ActiveCfg = Release|Any CPU
		{F75250F4-73FA-4807-924B-9A262045D781}.Release|Any CPU.Build.0 = Release|Any CPU
		{936C213D-C6EF-42BB-A7E1-F9B1EC22A470}.Debug|Any CPU.ActiveCfg = Debug|Any CPU
		{936C213D-C6EF-42BB-A7E1-F9B1EC22A470}.Debug|Any CPU.Build.0 = Debug|Any CPU
		{936C213D-C6EF-42BB-A7E1-F9B1EC22A470}.Release|Any CPU.ActiveCfg = Release|Any CPU
		{936C213D-C6EF-42BB-A7E1-F9B1EC22A470}.Release|Any CPU.Build.0 = Release|Any CPU
		{9D60AEC3-FD36-4F22-9FE7-EE9B53C4B255}.Debug|Any CPU.ActiveCfg = Debug|Any CPU
		{9D60AEC3-FD36-4F22-9FE7-EE9B53C4B255}.Debug|Any CPU.Build.0 = Debug|Any CPU
		{9D60AEC3-FD36-4F22-9FE7-EE9B53C4B255}.Release|Any CPU.ActiveCfg = Release|Any CPU
		{9D60AEC3-FD36-4F22-9FE7-EE9B53C4B255}.Release|Any CPU.Build.0 = Release|Any CPU
	EndGlobalSection
	GlobalSection(SolutionProperties) = preSolution
		HideSolutionNode = FALSE
	EndGlobalSection
EndGlobal
